
Microsoft Visual Studio Solution File, Format Version 12.00
# Visual Studio Version 17
VisualStudioVersion = 17.2.32526.322
MinimumVisualStudioVersion = 10.0.40219.1
Project("{8BC9CEB8-8B4A-11D0-8D11-00A0C91BC942}") = "Sandbox", "Sandbox\Sandbox.vcxproj", "{257B34C9-374A-4959-B04C-660F69FEB69F}"
EndProject
Project("{8BC9CEB8-8B4A-11D0-8D11-00A0C91BC942}") = "Nua", "Nua\Nua.vcxproj", "{23D2F2B7-EC65-4AF6-BC16-F071FF706E4A}"
EndProject
Global
	GlobalSection(SolutionConfigurationPlatforms) = preSolution
		Debug|x64 = Debug|x64
		Release|x64 = Release|x64
	EndGlobalSection
	GlobalSection(ProjectConfigurationPlatforms) = postSolution
		{23D2F2B7-EC65-4AF6-BC16-F071FF706E4A}.Debug|x64.ActiveCfg = Debug|x64
		{23D2F2B7-EC65-4AF6-BC16-F071FF706E4A}.Debug|x64.Build.0 = Debug|x64
		{23D2F2B7-EC65-4AF6-BC16-F071FF706E4A}.Release|x64.ActiveCfg = Release|x64
		{23D2F2B7-EC65-4AF6-BC16-F071FF706E4A}.Release|x64.Build.0 = Release|x64
		{257B34C9-374A-4959-B04C-660F69FEB69F}.Debug|x64.ActiveCfg = Debug|x64
		{257B34C9-374A-4959-B04C-660F69FEB69F}.Debug|x64.Build.0 = Debug|x64
		{257B34C9-374A-4959-B04C-660F69FEB69F}.Release|x64.ActiveCfg = Release|x64
		{257B34C9-374A-4959-B04C-660F69FEB69F}.Release|x64.Build.0 = Release|x64
	EndGlobalSection
	GlobalSection(SolutionProperties) = preSolution
		HideSolutionNode = FALSE
	EndGlobalSection
	GlobalSection(ExtensibilityGlobals) = postSolution
		SolutionGuid = {9A4541BE-6B00-4DC4-AEC5-11376A523779}
	EndGlobalSection
EndGlobal
